
Microsoft Visual Studio Solution File, Format Version 12.00
# Visual Studio Version 17
VisualStudioVersion = 17.13.35818.85
MinimumVisualStudioVersion = 10.0.40219.1
Project("{FAE04EC0-301F-11D3-BF4B-00C04F79EFBC}") = "ModbusMasterConsole", "ModbusMasterConsole\ModbusMasterConsole.csproj", "{273C68F5-5EE1-4FBB-ABA1-5D16F93F1F94}"
EndProject
Project("{FAE04EC0-301F-11D3-BF4B-00C04F79EFBC}") = "ModbusLib", "ModbusLib\ModbusLib.csproj", "{7569FB3E-FA5C-4625-A0B9-AC3940A9F3FA}"
EndProject
Global
	GlobalSection(SolutionConfigurationPlatforms) = preSolution
		Debug|Any CPU = Debug|Any CPU
		Release|Any CPU = Release|Any CPU
	EndGlobalSection
	GlobalSection(ProjectConfigurationPlatforms) = postSolution
		{273C68F5-5EE1-4FBB-ABA1-5D16F93F1F94}.Debug|Any CPU.ActiveCfg = Debug|Any CPU
		{273C68F5-5EE1-4FBB-ABA1-5D16F93F1F94}.Debug|Any CPU.Build.0 = Debug|Any CPU
		{273C68F5-5EE1-4FBB-ABA1-5D16F93F1F94}.Release|Any CPU.ActiveCfg = Release|Any CPU
		{273C68F5-5EE1-4FBB-ABA1-5D16F93F1F94}.Release|Any CPU.Build.0 = Release|Any CPU
		{7569FB3E-FA5C-4625-A0B9-AC3940A9F3FA}.Debug|Any CPU.ActiveCfg = Debug|Any CPU
		{7569FB3E-FA5C-4625-A0B9-AC3940A9F3FA}.Debug|Any CPU.Build.0 = Debug|Any CPU
		{7569FB3E-FA5C-4625-A0B9-AC3940A9F3FA}.Release|Any CPU.ActiveCfg = Release|Any CPU
		{7569FB3E-FA5C-4625-A0B9-AC3940A9F3FA}.Release|Any CPU.Build.0 = Release|Any CPU
	EndGlobalSection
	GlobalSection(SolutionProperties) = preSolution
		HideSolutionNode = FALSE
	EndGlobalSection
	GlobalSection(ExtensibilityGlobals) = postSolution
		SolutionGuid = {9076DE61-CCCF-4F8F-8509-39578E50479C}
	EndGlobalSection
EndGlobal
